# @generated by Move, please check-in and do not edit manually.

[move]
version = 3
manifest_digest = "140A34A6D85BDD88E78959969C96ED58707FA22452A1E83A24CC6733D0B99772"
deps_digest = "F8BBB0CCB2491CA29A3DF03D6F92277A4F3574266507ACD77214D37ECA3F3082"
dependencies = [
  { id = "Sui", name = "Sui" },
]

[[move.package]]
id = "MoveStdlib"
source = { git = "https://github.com/MystenLabs/sui.git", rev = "testnet", subdir = "crates\\sui-framework\\packages\\move-stdlib" }

[[move.package]]
id = "Sui"
source = { git = "https://github.com/MystenLabs/sui.git", rev = "testnet", subdir = "crates/sui-framework/packages/sui-framework" }

dependencies = [
  { id = "MoveStdlib", name = "MoveStdlib" },
]

[move.toolchain-version]
compiler-version = "1.62.0"
edition = "2024.beta"
flavor = "sui"

[env]

[env.testnet]
chain-id = "4c78adac"
original-published-id = "0x4cb0efd1f14f4d1eb928762b5b3474944c7fcf0213301a18c14e3e1ccef44a69"
latest-published-id = "0x4cb0efd1f14f4d1eb928762b5b3474944c7fcf0213301a18c14e3e1ccef44a69"
published-version = "1"
